PODS:
  - ACSwiftTool (1.0.2)
  - HandyJSON (5.0.2)
  - MJRefresh (3.6.1)
  - Toast-Swift (5.0.1)

DEPENDENCIES:
  - ACSwiftTool (from `../`)
  - HandyJSON
  - MJRefresh
  - Toast-Swift

SPEC REPOS:
  trunk:
    - HandyJSON
    - MJRefresh
    - Toast-Swift

EXTERNAL SOURCES:
  ACSwiftTool:
    :path: "../"

SPEC CHECKSUMS:
  ACSwiftTool: 616b7c5559fbb4081e52fd249744f6308568777d
  HandyJSON: 9e4e236f5d2dbefad5155a77417bbea438201c03
  MJRefresh: d2c1970d1cf6e77fcfcdfe76c943dfab8dbfa5c1
  Toast-Swift: 9b6a70f28b3bf0b96c40d46c0c4b9d6639846711

PODFILE CHECKSUM: 206986f73d311996f0d35f46ca58bbfd0a1491ab

COCOAPODS: 1.10.1
